// !$*UTF8*$!
{
	archiveVersion = 1;
	classes = {
	};
	objectVersion = 56;
	objects = {

/* Begin PBXBuildFile section */
		AA5850B12C290C2A007B92FD /* AppDelegate.swift in Sources */ = {isa = PBXBuildFile; fileRef = AA5850B02C290C2A007B92FD /* AppDelegate.swift */; };
		AA5850B32C290C2A007B92FD /* SceneDelegate.swift in Sources */ = {isa = PBXBuildFile; fileRef = AA5850B22C290C2A007B92FD /* SceneDelegate.swift */; };
		AA5850B52C290C2A007B92FD /* ViewController.swift in Sources */ = {isa = PBXBuildFile; fileRef = AA5850B42C290C2A007B92FD /* ViewController.swift */; };
		AA5850B82C290C2A007B92FD /* Base in Resources */ = {isa = PBXBuildFile; fileRef = AA5850B72C290C2A007B92FD /* Base */; };
		AA5850BA2C290C2C007B92FD /* Assets.xcassets in Resources */ = {isa = PBXBuildFile; fileRef = AA5850B92C290C2C007B92FD /* Assets.xcassets */; };
		AA5850BD2C290C2C007B92FD /* Base in Resources */ = {isa = PBXBuildFile; fileRef = AA5850BC2C290C2C007B92FD /* Base */; };
		AA5850D72C2A4BB8007B92FD /* BaseViewcontroller.swift in Sources */ = {isa = PBXBuildFile; fileRef = AA5850D62C2A4BB8007B92FD /* BaseViewcontroller.swift */; };
		AA5850DA2C2A5070007B92FD /* PosterViewController.swift in Sources */ = {isa = PBXBuildFile; fileRef = AA5850D92C2A5070007B92FD /* PosterViewController.swift */; };
		AA5850DC2C2A5120007B92FD /* BaseView.swift in Sources */ = {isa = PBXBuildFile; fileRef = AA5850DB2C2A5120007B92FD /* BaseView.swift */; };
		AA5850DE2C2A5194007B92FD /* BaseTableViewCell.swift in Sources */ = {isa = PBXBuildFile; fileRef = AA5850DD2C2A5194007B92FD /* BaseTableViewCell.swift */; };
		AA5850E02C2A525B007B92FD /* PosterTableViewCell.swift in Sources */ = {isa = PBXBuildFile; fileRef = AA5850DF2C2A525B007B92FD /* PosterTableViewCell.swift */; };
		AA5850E32C2A5486007B92FD /* SnapKit in Frameworks */ = {isa = PBXBuildFile; productRef = AA5850E22C2A5486007B92FD /* SnapKit */; };
		AA5850E62C2A5490007B92FD /* Kingfisher in Frameworks */ = {isa = PBXBuildFile; productRef = AA5850E52C2A5490007B92FD /* Kingfisher */; };
		AA5850E92C2A549D007B92FD /* Alamofire in Frameworks */ = {isa = PBXBuildFile; productRef = AA5850E82C2A549D007B92FD /* Alamofire */; };
		AA5850EC2C2A59FD007B92FD /* SearchViewController.swift in Sources */ = {isa = PBXBuildFile; fileRef = AA5850EB2C2A59FD007B92FD /* SearchViewController.swift */; };
		AA5850EE2C2A62B1007B92FD /* SearchView.swift in Sources */ = {isa = PBXBuildFile; fileRef = AA5850ED2C2A62B1007B92FD /* SearchView.swift */; };
		AA5850F02C2A6FCF007B92FD /* PosterCollectionViewCell.swift in Sources */ = {isa = PBXBuildFile; fileRef = AA5850EF2C2A6FCF007B92FD /* PosterCollectionViewCell.swift */; };
		AA5850F22C2A8C8E007B92FD /* TMDBAPI.swift in Sources */ = {isa = PBXBuildFile; fileRef = AA5850F12C2A8C8E007B92FD /* TMDBAPI.swift */; };
		AA5850F42C2A9194007B92FD /* APIKey.swift in Sources */ = {isa = PBXBuildFile; fileRef = AA5850F32C2A9194007B92FD /* APIKey.swift */; };
		AA5850F62C2BAA3A007B92FD /* TMDBRequest.swift in Sources */ = {isa = PBXBuildFile; fileRef = AA5850F52C2BAA3A007B92FD /* TMDBRequest.swift */; };
		AA5850F82C2BC14D007B92FD /* TMDBMamager.swift in Sources */ = {isa = PBXBuildFile; fileRef = AA5850F72C2BC14D007B92FD /* TMDBMamager.swift */; };
/* End PBXBuildFile section */

/* Begin PBXFileReference section */
		AA5850AD2C290C2A007B92FD /* SesacNetworkURLSessionGCD24.06.24.app */ = {isa = PBXFileReference; explicitFileType = wrapper.application; includeInIndex = 0; path = SesacNetworkURLSessionGCD24.06.24.app; sourceTree = BUILT_PRODUCTS_DIR; };
		AA5850B02C290C2A007B92FD /* AppDelegate.swift */ = {isa = PBXFileReference; lastKnownFileType = sourcecode.swift; path = AppDelegate.swift; sourceTree = "<group>"; };
		AA5850B22C290C2A007B92FD /* SceneDelegate.swift */ = {isa = PBXFileReference; lastKnownFileType = sourcecode.swift; path = SceneDelegate.swift; sourceTree = "<group>"; };
		AA5850B42C290C2A007B92FD /* ViewController.swift */ = {isa = PBXFileReference; lastKnownFileType = sourcecode.swift; path = ViewController.swift; sourceTree = "<group>"; };
		AA5850B72C290C2A007B92FD /* Base */ = {isa = PBXFileReference; lastKnownFileType = file.storyboard; name = Base; path = Base.lproj/Main.storyboard; sourceTree = "<group>"; };
		AA5850B92C290C2C007B92FD /* Assets.xcassets */ = {isa = PBXFileReference; lastKnownFileType = folder.assetcatalog; path = Assets.xcassets; sourceTree = "<group>"; };
		AA5850BC2C290C2C007B92FD /* Base */ = {isa = PBXFileReference; lastKnownFileType = file.storyboard; name = Base; path = Base.lproj/LaunchScreen.storyboard; sourceTree = "<group>"; };
		AA5850BE2C290C2C007B92FD /* Info.plist */ = {isa = PBXFileReference; lastKnownFileType = text.plist.xml; path = Info.plist; sourceTree = "<group>"; };
		AA5850D62C2A4BB8007B92FD /* BaseViewcontroller.swift */ = {isa = PBXFileReference; lastKnownFileType = sourcecode.swift; path = BaseViewcontroller.swift; sourceTree = "<group>"; };
		AA5850D92C2A5070007B92FD /* PosterViewController.swift */ = {isa = PBXFileReference; lastKnownFileType = sourcecode.swift; path = PosterViewController.swift; sourceTree = "<group>"; };
		AA5850DB2C2A5120007B92FD /* BaseView.swift */ = {isa = PBXFileReference; lastKnownFileType = sourcecode.swift; path = BaseView.swift; sourceTree = "<group>"; };
		AA5850DD2C2A5194007B92FD /* BaseTableViewCell.swift */ = {isa = PBXFileReference; lastKnownFileType = sourcecode.swift; path = BaseTableViewCell.swift; sourceTree = "<group>"; };
		AA5850DF2C2A525B007B92FD /* PosterTableViewCell.swift */ = {isa = PBXFileReference; lastKnownFileType = sourcecode.swift; path = PosterTableViewCell.swift; sourceTree = "<group>"; };
		AA5850EB2C2A59FD007B92FD /* SearchViewController.swift */ = {isa = PBXFileReference; lastKnownFileType = sourcecode.swift; path = SearchViewController.swift; sourceTree = "<group>"; };
		AA5850ED2C2A62B1007B92FD /* SearchView.swift */ = {isa = PBXFileReference; lastKnownFileType = sourcecode.swift; path = SearchView.swift; sourceTree = "<group>"; };
		AA5850EF2C2A6FCF007B92FD /* PosterCollectionViewCell.swift */ = {isa = PBXFileReference; lastKnownFileType = sourcecode.swift; path = PosterCollectionViewCell.swift; sourceTree = "<group>"; };
		AA5850F12C2A8C8E007B92FD /* TMDBAPI.swift */ = {isa = PBXFileReference; lastKnownFileType = sourcecode.swift; path = TMDBAPI.swift; sourceTree = "<group>"; };
		AA5850F32C2A9194007B92FD /* APIKey.swift */ = {isa = PBXFileReference; fileEncoding = 4; lastKnownFileType = sourcecode.swift; path = APIKey.swift; sourceTree = "<group>"; };
		AA5850F52C2BAA3A007B92FD /* TMDBRequest.swift */ = {isa = PBXFileReference; lastKnownFileType = sourcecode.swift; path = TMDBRequest.swift; sourceTree = "<group>"; };
		AA5850F72C2BC14D007B92FD /* TMDBMamager.swift */ = {isa = PBXFileReference; lastKnownFileType = sourcecode.swift; path = TMDBMamager.swift; sourceTree = "<group>"; };
/* End PBXFileReference section */

/* Begin PBXFrameworksBuildPhase section */
		AA5850AA2C290C2A007B92FD /* Frameworks */ = {
			isa = PBXFrameworksBuildPhase;
			buildActionMask = 2147483647;
			files = (
				AA5850E92C2A549D007B92FD /* Alamofire in Frameworks */,
				AA5850E62C2A5490007B92FD /* Kingfisher in Frameworks */,
				AA5850E32C2A5486007B92FD /* SnapKit in Frameworks */,
			);
			runOnlyForDeploymentPostprocessing = 0;
		};
/* End PBXFrameworksBuildPhase section */

/* Begin PBXGroup section */
		AA5850A42C290C2A007B92FD = {
			isa = PBXGroup;
			children = (
				AA5850AF2C290C2A007B92FD /* SesacNetworkURLSessionGCD24.06.24 */,
				AA5850AE2C290C2A007B92FD /* Products */,
			);
			sourceTree = "<group>";
		};
		AA5850AE2C290C2A007B92FD /* Products */ = {
			isa = PBXGroup;
			children = (
				AA5850AD2C290C2A007B92FD /* SesacNetworkURLSessionGCD24.06.24.app */,
			);
			name = Products;
			sourceTree = "<group>";
		};
		AA5850AF2C290C2A007B92FD /* SesacNetworkURLSessionGCD24.06.24 */ = {
			isa = PBXGroup;
			children = (
				AA5850F32C2A9194007B92FD /* APIKey.swift */,
				AA5850F52C2BAA3A007B92FD /* TMDBRequest.swift */,
				AA5850EA2C2A59DE007B92FD /* 서치 */,
				AA5850D82C2A504B007B92FD /* Poster */,
				AA5850D52C2A4B9B007B92FD /* Base */,
				AA5850B02C290C2A007B92FD /* AppDelegate.swift */,
				AA5850B22C290C2A007B92FD /* SceneDelegate.swift */,
				AA5850B42C290C2A007B92FD /* ViewController.swift */,
				AA5850B62C290C2A007B92FD /* Main.storyboard */,
				AA5850B92C290C2C007B92FD /* Assets.xcassets */,
				AA5850BB2C290C2C007B92FD /* LaunchScreen.storyboard */,
				AA5850BE2C290C2C007B92FD /* Info.plist */,
				AA5850F72C2BC14D007B92FD /* TMDBMamager.swift */,
			);
			path = SesacNetworkURLSessionGCD24.06.24;
			sourceTree = "<group>";
		};
		AA5850D52C2A4B9B007B92FD /* Base */ = {
			isa = PBXGroup;
			children = (
				AA5850D62C2A4BB8007B92FD /* BaseViewcontroller.swift */,
				AA5850DB2C2A5120007B92FD /* BaseView.swift */,
				AA5850DD2C2A5194007B92FD /* BaseTableViewCell.swift */,
			);
			path = Base;
			sourceTree = "<group>";
		};
		AA5850D82C2A504B007B92FD /* Poster */ = {
			isa = PBXGroup;
			children = (
				AA5850D92C2A5070007B92FD /* PosterViewController.swift */,
				AA5850DF2C2A525B007B92FD /* PosterTableViewCell.swift */,
				AA5850EF2C2A6FCF007B92FD /* PosterCollectionViewCell.swift */,
				AA5850F12C2A8C8E007B92FD /* TMDBAPI.swift */,
			);
			path = Poster;
			sourceTree = "<group>";
		};
		AA5850EA2C2A59DE007B92FD /* 서치 */ = {
			isa = PBXGroup;
			children = (
				AA5850EB2C2A59FD007B92FD /* SearchViewController.swift */,
				AA5850ED2C2A62B1007B92FD /* SearchView.swift */,
			);
			name = "서치";
			path = "서치";
			sourceTree = "<group>";
		};
/* End PBXGroup section */

/* Begin PBXNativeTarget section */
		AA5850AC2C290C2A007B92FD /* SesacNetworkURLSessionGCD24.06.24 */ = {
			isa = PBXNativeTarget;
			buildConfigurationList = AA5850C12C290C2C007B92FD /* Build configuration list for PBXNativeTarget "SesacNetworkURLSessionGCD24.06.24" */;
			buildPhases = (
				AA5850A92C290C2A007B92FD /* Sources */,
				AA5850AA2C290C2A007B92FD /* Frameworks */,
				AA5850AB2C290C2A007B92FD /* Resources */,
			);
			buildRules = (
			);
			dependencies = (
			);
			name = SesacNetworkURLSessionGCD24.06.24;
			packageProductDependencies = (
				AA5850E22C2A5486007B92FD /* SnapKit */,
				AA5850E52C2A5490007B92FD /* Kingfisher */,
				AA5850E82C2A549D007B92FD /* Alamofire */,
			);
			productName = SesacNetworkURLSessionGCD24.06.24;
			productReference = AA5850AD2C290C2A007B92FD /* SesacNetworkURLSessionGCD24.06.24.app */;
			productType = "com.apple.product-type.application";
		};
/* End PBXNativeTarget section */

/* Begin PBXProject section */
		AA5850A52C290C2A007B92FD /* Project object */ = {
			isa = PBXProject;
			attributes = {
				BuildIndependentTargetsInParallel = 1;
				LastSwiftUpdateCheck = 1540;
				LastUpgradeCheck = 1540;
				TargetAttributes = {
					AA5850AC2C290C2A007B92FD = {
						CreatedOnToolsVersion = 15.4;
					};
				};
			};
			buildConfigurationList = AA5850A82C290C2A007B92FD /* Build configuration list for PBXProject "SesacNetworkURLSessionGCD24.06.24" */;
			compatibilityVersion = "Xcode 14.0";
			developmentRegion = en;
			hasScannedForEncodings = 0;
			knownRegions = (
				en,
				Base,
			);
			mainGroup = AA5850A42C290C2A007B92FD;
			packageReferences = (
				AA5850E12C2A5486007B92FD /* XCRemoteSwiftPackageReference "SnapKit" */,
				AA5850E42C2A5490007B92FD /* XCRemoteSwiftPackageReference "Kingfisher" */,
				AA5850E72C2A549D007B92FD /* XCRemoteSwiftPackageReference "Alamofire" */,
			);
			productRefGroup = AA5850AE2C290C2A007B92FD /* Products */;
			projectDirPath = "";
			projectRoot = "";
			targets = (
				AA5850AC2C290C2A007B92FD /* SesacNetworkURLSessionGCD24.06.24 */,
			);
		};
/* End PBXProject section */

/* Begin PBXResourcesBuildPhase section */
		AA5850AB2C290C2A007B92FD /* Resources */ = {
			isa = PBXResourcesBuildPhase;
			buildActionMask = 2147483647;
			files = (
				AA5850BA2C290C2C007B92FD /* Assets.xcassets in Resources */,
				AA5850BD2C290C2C007B92FD /* Base in Resources */,
				AA5850B82C290C2A007B92FD /* Base in Resources */,
			);
			runOnlyForDeploymentPostprocessing = 0;
		};
/* End PBXResourcesBuildPhase section */

/* Begin PBXSourcesBuildPhase section */
		AA5850A92C290C2A007B92FD /* Sources */ = {
			isa = PBXSourcesBuildPhase;
			buildActionMask = 2147483647;
			files = (
				AA5850F02C2A6FCF007B92FD /* PosterCollectionViewCell.swift in Sources */,
				AA5850EE2C2A62B1007B92FD /* SearchView.swift in Sources */,
				AA5850DA2C2A5070007B92FD /* PosterViewController.swift in Sources */,
				AA5850B52C290C2A007B92FD /* ViewController.swift in Sources */,
				AA5850F62C2BAA3A007B92FD /* TMDBRequest.swift in Sources */,
				AA5850D72C2A4BB8007B92FD /* BaseViewcontroller.swift in Sources */,
				AA5850F22C2A8C8E007B92FD /* TMDBAPI.swift in Sources */,
				AA5850F82C2BC14D007B92FD /* TMDBMamager.swift in Sources */,
				AA5850EC2C2A59FD007B92FD /* SearchViewController.swift in Sources */,
				AA5850DC2C2A5120007B92FD /* BaseView.swift in Sources */,
				AA5850E02C2A525B007B92FD /* PosterTableViewCell.swift in Sources */,
				AA5850DE2C2A5194007B92FD /* BaseTableViewCell.swift in Sources */,
				AA5850B12C290C2A007B92FD /* AppDelegate.swift in Sources */,
				AA5850F42C2A9194007B92FD /* APIKey.swift in Sources */,
				AA5850B32C290C2A007B92FD /* SceneDelegate.swift in Sources */,
			);
			runOnlyForDeploymentPostprocessing = 0;
		};
/* End PBXSourcesBuildPhase section */

/* Begin PBXVariantGroup section */
		AA5850B62C290C2A007B92FD /* Main.storyboard */ = {
			isa = PBXVariantGroup;
			children = (
				AA5850B72C290C2A007B92FD /* Base */,
			);
			name = Main.storyboard;
			sourceTree = "<group>";
		};
		AA5850BB2C290C2C007B92FD /* LaunchScreen.storyboard */ = {
			isa = PBXVariantGroup;
			children = (
				AA5850BC2C290C2C007B92FD /* Base */,
			);
			name = LaunchScreen.storyboard;
			sourceTree = "<group>";
		};
/* End PBXVariantGroup section */

/* Begin XCBuildConfiguration section */
		AA5850BF2C290C2C007B92FD /* Debug */ = {
			isa = XCBuildConfiguration;
			buildSettings = {
				ALWAYS_SEARCH_USER_PATHS = NO;
				ASSETCATALOG_COMPILER_GENERATE_SWIFT_ASSET_SYMBOL_EXTENSIONS = YES;
				CLANG_ANALYZER_NONNULL = YES;
				CLANG_ANALYZER_NUMBER_OBJECT_CONVERSION = YES_AGGRESSIVE;
				CLANG_CXX_LANGUAGE_STANDARD = "gnu++20";
				CLANG_ENABLE_MODULES = YES;
				CLANG_ENABLE_OBJC_ARC = YES;
				CLANG_ENABLE_OBJC_WEAK = YES;
				CLANG_WARN_BLOCK_CAPTURE_AUTORELEASING = YES;
				CLANG_WARN_BOOL_CONVERSION = YES;
				CLANG_WARN_COMMA = YES;
				CLANG_WARN_CONSTANT_CONVERSION = YES;
				CLANG_WARN_DEPRECATED_OBJC_IMPLEMENTATIONS = YES;
				CLANG_WARN_DIRECT_OBJC_ISA_USAGE = YES_ERROR;
				CLANG_WARN_DOCUMENTATION_COMMENTS = YES;
				CLANG_WARN_EMPTY_BODY = YES;
				CLANG_WARN_ENUM_CONVERSION = YES;
				CLANG_WARN_INFINITE_RECURSION = YES;
				CLANG_WARN_INT_CONVERSION = YES;
				CLANG_WARN_NON_LITERAL_NULL_CONVERSION = YES;
				CLANG_WARN_OBJC_IMPLICIT_RETAIN_SELF = YES;
				CLANG_WARN_OBJC_LITERAL_CONVERSION = YES;
				CLANG_WARN_OBJC_ROOT_CLASS = YES_ERROR;
				CLANG_WARN_QUOTED_INCLUDE_IN_FRAMEWORK_HEADER = YES;
				CLANG_WARN_RANGE_LOOP_ANALYSIS = YES;
				CLANG_WARN_STRICT_PROTOTYPES = YES;
				CLANG_WARN_SUSPICIOUS_MOVE = YES;
				CLANG_WARN_UNGUARDED_AVAILABILITY = YES_AGGRESSIVE;
				CLANG_WARN_UNREACHABLE_CODE = YES;
				CLANG_WARN__DUPLICATE_METHOD_MATCH = YES;
				COPY_PHASE_STRIP = NO;
				DEBUG_INFORMATION_FORMAT = dwarf;
				ENABLE_STRICT_OBJC_MSGSEND = YES;
				ENABLE_TESTABILITY = YES;
				ENABLE_USER_SCRIPT_SANDBOXING = YES;
				GCC_C_LANGUAGE_STANDARD = gnu17;
				GCC_DYNAMIC_NO_PIC = NO;
				GCC_NO_COMMON_BLOCKS = YES;
				GCC_OPTIMIZATION_LEVEL = 0;
				GCC_PREPROCESSOR_DEFINITIONS = (
					"DEBUG=1",
					"$(inherited)",
				);
				GCC_WARN_64_TO_32_BIT_CONVERSION = YES;
				GCC_WARN_ABOUT_RETURN_TYPE = YES_ERROR;
				GCC_WARN_UNDECLARED_SELECTOR = YES;
				GCC_WARN_UNINITIALIZED_AUTOS = YES_AGGRESSIVE;
				GCC_WARN_UNUSED_FUNCTION = YES;
				GCC_WARN_UNUSED_VARIABLE = YES;
				IPHONEOS_DEPLOYMENT_TARGET = 17.5;
				LOCALIZATION_PREFERS_STRING_CATALOGS = YES;
				MTL_ENABLE_DEBUG_INFO = INCLUDE_SOURCE;
				MTL_FAST_MATH = YES;
				ONLY_ACTIVE_ARCH = YES;
				SDKROOT = iphoneos;
				SWIFT_ACTIVE_COMPILATION_CONDITIONS = "DEBUG $(inherited)";
				SWIFT_OPTIMIZATION_LEVEL = "-Onone";
			};
			name = Debug;
		};
		AA5850C02C290C2C007B92FD /* Release */ = {
			isa = XCBuildConfiguration;
			buildSettings = {
				ALWAYS_SEARCH_USER_PATHS = NO;
				ASSETCATALOG_COMPILER_GENERATE_SWIFT_ASSET_SYMBOL_EXTENSIONS = YES;
				CLANG_ANALYZER_NONNULL = YES;
				CLANG_ANALYZER_NUMBER_OBJECT_CONVERSION = YES_AGGRESSIVE;
				CLANG_CXX_LANGUAGE_STANDARD = "gnu++20";
				CLANG_ENABLE_MODULES = YES;
				CLANG_ENABLE_OBJC_ARC = YES;
				CLANG_ENABLE_OBJC_WEAK = YES;
				CLANG_WARN_BLOCK_CAPTURE_AUTORELEASING = YES;
				CLANG_WARN_BOOL_CONVERSION = YES;
				CLANG_WARN_COMMA = YES;
				CLANG_WARN_CONSTANT_CONVERSION = YES;
				CLANG_WARN_DEPRECATED_OBJC_IMPLEMENTATIONS = YES;
				CLANG_WARN_DIRECT_OBJC_ISA_USAGE = YES_ERROR;
				CLANG_WARN_DOCUMENTATION_COMMENTS = YES;
				CLANG_WARN_EMPTY_BODY = YES;
				CLANG_WARN_ENUM_CONVERSION = YES;
				CLANG_WARN_INFINITE_RECURSION = YES;
				CLANG_WARN_INT_CONVERSION = YES;
				CLANG_WARN_NON_LITERAL_NULL_CONVERSION = YES;
				CLANG_WARN_OBJC_IMPLICIT_RETAIN_SELF = YES;
				CLANG_WARN_OBJC_LITERAL_CONVERSION = YES;
				CLANG_WARN_OBJC_ROOT_CLASS = YES_ERROR;
				CLANG_WARN_QUOTED_INCLUDE_IN_FRAMEWORK_HEADER = YES;
				CLANG_WARN_RANGE_LOOP_ANALYSIS = YES;
				CLANG_WARN_STRICT_PROTOTYPES = YES;
				CLANG_WARN_SUSPICIOUS_MOVE = YES;
				CLANG_WARN_UNGUARDED_AVAILABILITY = YES_AGGRESSIVE;
				CLANG_WARN_UNREACHABLE_CODE = YES;
				CLANG_WARN__DUPLICATE_METHOD_MATCH = YES;
				COPY_PHASE_STRIP = NO;
				DEBUG_INFORMATION_FORMAT = "dwarf-with-dsym";
				ENABLE_NS_ASSERTIONS = NO;
				ENABLE_STRICT_OBJC_MSGSEND = YES;
				ENABLE_USER_SCRIPT_SANDBOXING = YES;
				GCC_C_LANGUAGE_STANDARD = gnu17;
				GCC_NO_COMMON_BLOCKS = YES;
				GCC_WARN_64_TO_32_BIT_CONVERSION = YES;
				GCC_WARN_ABOUT_RETURN_TYPE = YES_ERROR;
				GCC_WARN_UNDECLARED_SELECTOR = YES;
				GCC_WARN_UNINITIALIZED_AUTOS = YES_AGGRESSIVE;
				GCC_WARN_UNUSED_FUNCTION = YES;
				GCC_WARN_UNUSED_VARIABLE = YES;
				IPHONEOS_DEPLOYMENT_TARGET = 17.5;
				LOCALIZATION_PREFERS_STRING_CATALOGS = YES;
				MTL_ENABLE_DEBUG_INFO = NO;
				MTL_FAST_MATH = YES;
				SDKROOT = iphoneos;
				SWIFT_COMPILATION_MODE = wholemodule;
				VALIDATE_PRODUCT = YES;
			};
			name = Release;
		};
		AA5850C22C290C2C007B92FD /* Debug */ = {
			isa = XCBuildConfiguration;
			buildSettings = {
				ASSETCATALOG_COMPILER_APPICON_NAME = AppIcon;
				ASSETCATALOG_COMPILER_GLOBAL_ACCENT_COLOR_NAME = AccentColor;
				CODE_SIGN_STYLE = Automatic;
				CURRENT_PROJECT_VERSION = 1;
				DEVELOPMENT_TEAM = 4KLMMMFY4D;
				GENERATE_INFOPLIST_FILE = YES;
				INFOPLIST_FILE = SesacNetworkURLSessionGCD24.06.24/Info.plist;
				INFOPLIST_KEY_UIApplicationSupportsIndirectInputEvents = YES;
				INFOPLIST_KEY_UILaunchStoryboardName = LaunchScreen;
				INFOPLIST_KEY_UIMainStoryboardFile = Main;
				INFOPLIST_KEY_UISupportedInterfaceOrientations_iPad = "UIInterfaceOrientationPortrait UIInterfaceOrientationPortraitUpsideDown UIInterfaceOrientationLandscapeLeft UIInterfaceOrientationLandscapeRight";
				INFOPLIST_KEY_UISupportedInterfaceOrientations_iPhone = "UIInterfaceOrientationPortrait UIInterfaceOrientationLandscapeLeft UIInterfaceOrientationLandscapeRight";
				LD_RUNPATH_SEARCH_PATHS = (
					"$(inherited)",
					"@executable_path/Frameworks",
				);
				MARKETING_VERSION = 1.0;
				PRODUCT_BUNDLE_IDENTIFIER = "com.acasia.SesacNetworkURLSessionGCD24-06-24";
				PRODUCT_NAME = "$(TARGET_NAME)";
				SWIFT_EMIT_LOC_STRINGS = YES;
				SWIFT_VERSION = 5.0;
				TARGETED_DEVICE_FAMILY = "1,2";
			};
			name = Debug;
		};
		AA5850C32C290C2C007B92FD /* Release */ = {
			isa = XCBuildConfiguration;
			buildSettings = {
				ASSETCATALOG_COMPILER_APPICON_NAME = AppIcon;
				ASSETCATALOG_COMPILER_GLOBAL_ACCENT_COLOR_NAME = AccentColor;
				CODE_SIGN_STYLE = Automatic;
				CURRENT_PROJECT_VERSION = 1;
				DEVELOPMENT_TEAM = 4KLMMMFY4D;
				GENERATE_INFOPLIST_FILE = YES;
				INFOPLIST_FILE = SesacNetworkURLSessionGCD24.06.24/Info.plist;
				INFOPLIST_KEY_UIApplicationSupportsIndirectInputEvents = YES;
				INFOPLIST_KEY_UILaunchStoryboardName = LaunchScreen;
				INFOPLIST_KEY_UIMainStoryboardFile = Main;
				INFOPLIST_KEY_UISupportedInterfaceOrientations_iPad = "UIInterfaceOrientationPortrait UIInterfaceOrientationPortraitUpsideDown UIInterfaceOrientationLandscapeLeft UIInterfaceOrientationLandscapeRight";
				INFOPLIST_KEY_UISupportedInterfaceOrientations_iPhone = "UIInterfaceOrientationPortrait UIInterfaceOrientationLandscapeLeft UIInterfaceOrientationLandscapeRight";
				LD_RUNPATH_SEARCH_PATHS = (
					"$(inherited)",
					"@executable_path/Frameworks",
				);
				MARKETING_VERSION = 1.0;
				PRODUCT_BUNDLE_IDENTIFIER = "com.acasia.SesacNetworkURLSessionGCD24-06-24";
				PRODUCT_NAME = "$(TARGET_NAME)";
				SWIFT_EMIT_LOC_STRINGS = YES;
				SWIFT_VERSION = 5.0;
				TARGETED_DEVICE_FAMILY = "1,2";
			};
			name = Release;
		};
/* End XCBuildConfiguration section */

/* Begin XCConfigurationList section */
		AA5850A82C290C2A007B92FD /* Build configuration list for PBXProject "SesacNetworkURLSessionGCD24.06.24" */ = {
			isa = XCConfigurationList;
			buildConfigurations = (
				AA5850BF2C290C2C007B92FD /* Debug */,
				AA5850C02C290C2C007B92FD /* Release */,
			);
			defaultConfigurationIsVisible = 0;
			defaultConfigurationName = Release;
		};
		AA5850C12C290C2C007B92FD /* Build configuration list for PBXNativeTarget "SesacNetworkURLSessionGCD24.06.24" */ = {
			isa = XCConfigurationList;
			buildConfigurations = (
				AA5850C22C290C2C007B92FD /* Debug */,
				AA5850C32C290C2C007B92FD /* Release */,
			);
			defaultConfigurationIsVisible = 0;
			defaultConfigurationName = Release;
		};
/* End XCConfigurationList section */

/* Begin XCRemoteSwiftPackageReference section */
		AA5850E12C2A5486007B92FD /* XCRemoteSwiftPackageReference "SnapKit" */ = {
			isa = XCRemoteSwiftPackageReference;
			repositoryURL = "https://github.com/SnapKit/SnapKit.git";
			requirement = {
				kind = upToNextMajorVersion;
				minimumVersion = 5.7.1;
			};
		};
		AA5850E42C2A5490007B92FD /* XCRemoteSwiftPackageReference "Kingfisher" */ = {
			isa = XCRemoteSwiftPackageReference;
			repositoryURL = "https://github.com/onevcat/Kingfisher.git";
			requirement = {
				kind = upToNextMajorVersion;
				minimumVersion = 7.12.0;
			};
		};
		AA5850E72C2A549D007B92FD /* XCRemoteSwiftPackageReference "Alamofire" */ = {
			isa = XCRemoteSwiftPackageReference;
			repositoryURL = "https://github.com/Alamofire/Alamofire.git";
			requirement = {
				kind = upToNextMajorVersion;
				minimumVersion = 5.9.1;
			};
		};
/* End XCRemoteSwiftPackageReference section */

/* Begin XCSwiftPackageProductDependency section */
		AA5850E22C2A5486007B92FD /* SnapKit */ = {
			isa = XCSwiftPackageProductDependency;
			package = AA5850E12C2A5486007B92FD /* XCRemoteSwiftPackageReference "SnapKit" */;
			productName = SnapKit;
		};
		AA5850E52C2A5490007B92FD /* Kingfisher */ = {
			isa = XCSwiftPackageProductDependency;
			package = AA5850E42C2A5490007B92FD /* XCRemoteSwiftPackageReference "Kingfisher" */;
			productName = Kingfisher;
		};
		AA5850E82C2A549D007B92FD /* Alamofire */ = {
			isa = XCSwiftPackageProductDependency;
			package = AA5850E72C2A549D007B92FD /* XCRemoteSwiftPackageReference "Alamofire" */;
			productName = Alamofire;
		};
/* End XCSwiftPackageProductDependency section */
	};
	rootObject = AA5850A52C290C2A007B92FD /* Project object */;
}
